github.com/safchain/ethtool v0.6.2 h1:O3ZPFAKEUEfbtE6J/feEe2Ft7dIJ2Sy8t4SdMRiIMHY=
github.com/safchain/ethtool v0.6.2/go.mod h1:VS7cn+bP3Px3rIq55xImBiZGHVLNyBh5dqG6dDQy8+I=
golang.org/x/sys v0.34.0 h1:H5Y5sJ2L2JRdyv7ROF1he/lPdvFsd0mJHFw2ThKHxLA=
golang.org/x/sys v0.34.0/go.mod h1:BJP2sWEmIv4KK5OTEluFJCKSidICx8ciO85XgH3Ak8k=
